
Microsoft Visual Studio Solution File, Format Version 12.00
# Visual Studio Version 17
VisualStudioVersion = 17.8.34330.188
MinimumVisualStudioVersion = 10.0.40219.1
Project("{FAE04EC0-301F-11D3-BF4B-00C04F79EFBC}") = "Razenager-modded", "Razenager-modded.csproj", "{DF06B640-7312-4D9A-A8BC-340227074F39}"
EndProject
Global
	GlobalSection(SolutionConfigurationPlatforms) = preSolution
		Debug|Any CPU = Debug|Any CPU
		Release|Any CPU = Release|Any CPU
	EndGlobalSection
	GlobalSection(ProjectConfigurationPlatforms) = postSolution
		{DF06B640-7312-4D9A-A8BC-340227074F39}.Debug|Any CPU.ActiveCfg = Debug|Any CPU
		{DF06B640-7312-4D9A-A8BC-340227074F39}.Debug|Any CPU.Build.0 = Debug|Any CPU
		{DF06B640-7312-4D9A-A8BC-340227074F39}.Release|Any CPU.ActiveCfg = Release|Any CPU
		{DF06B640-7312-4D9A-A8BC-340227074F39}.Release|Any CPU.Build.0 = Release|Any CPU
	EndGlobalSection
	GlobalSection(SolutionProperties) = preSolution
		HideSolutionNode = FALSE
	EndGlobalSection
	GlobalSection(ExtensibilityGlobals) = postSolution
		SolutionGuid = {050B2BAE-2C86-4D41-A271-2AA5F151F2EF}
	EndGlobalSection
EndGlobal
